
Microsoft Visual Studio Solution File, Format Version 12.00
# Visual Studio 15
VisualStudioVersion = 15.0.28010.0
MinimumVisualStudioVersion = 10.0.40219.1
Project("{FAE04EC0-301F-11D3-BF4B-00C04F79EFBC}") = "ZiraatApp.Android", "ZiraatApp\ZiraatApp.Android\ZiraatApp.Android.csproj", "{021FD74A-BEBF-4E7D-8059-27DBE49B9B58}"
EndProject
Project("{FAE04EC0-301F-11D3-BF4B-00C04F79EFBC}") = "ZiraatApp.iOS", "ZiraatApp\ZiraatApp.iOS\ZiraatApp.iOS.csproj", "{1855F70D-812B-4787-8DEB-5E6FDCD060FD}"
EndProject
Project("{FAE04EC0-301F-11D3-BF4B-00C04F79EFBC}") = "ZiraatApp", "ZiraatApp\ZiraatApp\ZiraatApp.csproj", "{08DF38C7-0092-43E2-A3E4-2BD162CEAE85}"
EndProject
Global
	GlobalSection(SolutionConfigurationPlatforms) = preSolution
		Ad-Hoc|Any CPU = Ad-Hoc|Any CPU
		Ad-Hoc|iPhone = Ad-Hoc|iPhone
		Ad-Hoc|iPhoneSimulator = Ad-Hoc|iPhoneSimulator
		AppStore|Any CPU = AppStore|Any CPU
		AppStore|iPhone = AppStore|iPhone
		AppStore|iPhoneSimulator = AppStore|iPhoneSimulator
		Debug|Any CPU = Debug|Any CPU
		Debug|iPhone = Debug|iPhone
		Debug|iPhoneSimulator = Debug|iPhoneSimulator
		Release|Any CPU = Release|Any CPU
		Release|iPhone = Release|iPhone
		Release|iPhoneSimulator = Release|iPhoneSimulator
	EndGlobalSection
	GlobalSection(ProjectConfigurationPlatforms) = postSolution
		{021FD74A-BEBF-4E7D-8059-27DBE49B9B58}.Ad-Hoc|Any CPU.ActiveCfg = Release|Any CPU
		{021FD74A-BEBF-4E7D-8059-27DBE49B9B58}.Ad-Hoc|Any CPU.Build.0 = Release|Any CPU
		{021FD74A-BEBF-4E7D-8059-27DBE49B9B58}.Ad-Hoc|Any CPU.Deploy.0 = Release|Any CPU
		{021FD74A-BEBF-4E7D-8059-27DBE49B9B58}.Ad-Hoc|iPhone.ActiveCfg = Release|Any CPU
		{021FD74A-BEBF-4E7D-8059-27DBE49B9B58}.Ad-Hoc|iPhone.Build.0 = Release|Any CPU
		{021FD74A-BEBF-4E7D-8059-27DBE49B9B58}.Ad-Hoc|iPhone.Deploy.0 = Release|Any CPU
		{021FD74A-BEBF-4E7D-8059-27DBE49B9B58}.Ad-Hoc|iPhoneSimulator.ActiveCfg = Release|Any CPU
		{021FD74A-BEBF-4E7D-8059-27DBE49B9B58}.Ad-Hoc|iPhoneSimulator.Build.0 = Release|Any CPU
		{021FD74A-BEBF-4E7D-8059-27DBE49B9B58}.Ad-Hoc|iPhoneSimulator.Deploy.0 = Release|Any CPU
		{021FD74A-BEBF-4E7D-8059-27DBE49B9B58}.AppStore|Any CPU.ActiveCfg = Release|Any CPU
		{021FD74A-BEBF-4E7D-8059-27DBE49B9B58}.AppStore|Any CPU.Build.0 = Release|Any CPU
		{021FD74A-BEBF-4E7D-8059-27DBE49B9B58}.AppStore|Any CPU.Deploy.0 = Release|Any CPU
		{021FD74A-BEBF-4E7D-8059-27DBE49B9B58}.AppStore|iPhone.ActiveCfg = Release|Any CPU
		{021FD74A-BEBF-4E7D-8059-27DBE49B9B58}.AppStore|iPhone.Build.0 = Release|Any CPU
		{021FD74A-BEBF-4E7D-8059-27DBE49B9B58}.AppStore|iPhone.Deploy.0 = Release|Any CPU
		{021FD74A-BEBF-4E7D-8059-27DBE49B9B58}.AppStore|iPhoneSimulator.ActiveCfg = Release|Any CPU
		{021FD74A-BEBF-4E7D-8059-27DBE49B9B58}.AppStore|iPhoneSimulator.Build.0 = Release|Any CPU
		{021FD74A-BEBF-4E7D-8059-27DBE49B9B58}.AppStore|iPhoneSimulator.Deploy.0 = Release|Any CPU
		{021FD74A-BEBF-4E7D-8059-27DBE49B9B58}.Debug|Any CPU.ActiveCfg = Debug|Any CPU
		{021FD74A-BEBF-4E7D-8059-27DBE49B9B58}.Debug|Any CPU.Build.0 = Debug|Any CPU
		{021FD74A-BEBF-4E7D-8059-27DBE49B9B58}.Debug|Any CPU.Deploy.0 = Debug|Any CPU
		{021FD74A-BEBF-4E7D-8059-27DBE49B9B58}.Debug|iPhone.ActiveCfg = Debug|Any CPU
		{021FD74A-BEBF-4E7D-8059-27DBE49B9B58}.Debug|iPhone.Build.0 = Debug|Any CPU
		{021FD74A-BEBF-4E7D-8059-27DBE49B9B58}.Debug|iPhone.Deploy.0 = Debug|Any CPU
		{021FD74A-BEBF-4E7D-8059-27DBE49B9B58}.Debug|iPhoneSimulator.ActiveCfg = Debug|Any CPU
		{021FD74A-BEBF-4E7D-8059-27DBE49B9B58}.Debug|iPhoneSimulator.Build.0 = Debug|Any CPU
		{021FD74A-BEBF-4E7D-8059-27DBE49B9B58}.Debug|iPhoneSimulator.Deploy.0 = Debug|Any CPU
		{021FD74A-BEBF-4E7D-8059-27DBE49B9B58}.Release|Any CPU.ActiveCfg = Release|Any CPU
		{021FD74A-BEBF-4E7D-8059-27DBE49B9B58}.Release|Any CPU.Build.0 = Release|Any CPU
		{021FD74A-BEBF-4E7D-8059-27DBE49B9B58}.Release|Any CPU.Deploy.0 = Release|Any CPU
		{021FD74A-BEBF-4E7D-8059-27DBE49B9B58}.Release|iPhone.ActiveCfg = Release|Any CPU
		{021FD74A-BEBF-4E7D-8059-27DBE49B9B58}.Release|iPhone.Build.0 = Release|Any CPU
		{021FD74A-BEBF-4E7D-8059-27DBE49B9B58}.Release|iPhone.Deploy.0 = Release|Any CPU
		{021FD74A-BEBF-4E7D-8059-27DBE49B9B58}.Release|iPhoneSimulator.ActiveCfg = Release|Any CPU
		{021FD74A-BEBF-4E7D-8059-27DBE49B9B58}.Release|iPhoneSimulator.Build.0 = Release|Any CPU
		{021FD74A-BEBF-4E7D-8059-27DBE49B9B58}.Release|iPhoneSimulator.Deploy.0 = Release|Any CPU
		{1855F70D-812B-4787-8DEB-5E6FDCD060FD}.Ad-Hoc|Any CPU.ActiveCfg = Ad-Hoc|iPhone
		{1855F70D-812B-4787-8DEB-5E6FDCD060FD}.Ad-Hoc|Any CPU.Build.0 = Ad-Hoc|iPhone
		{1855F70D-812B-4787-8DEB-5E6FDCD060FD}.Ad-Hoc|Any CPU.Deploy.0 = Ad-Hoc|iPhone
		{1855F70D-812B-4787-8DEB-5E6FDCD060FD}.Ad-Hoc|iPhone.ActiveCfg = Ad-Hoc|iPhone
		{1855F70D-812B-4787-8DEB-5E6FDCD060FD}.Ad-Hoc|iPhone.Build.0 = Ad-Hoc|iPhone
		{1855F70D-812B-4787-8DEB-5E6FDCD060FD}.Ad-Hoc|iPhone.Deploy.0 = Ad-Hoc|iPhone
		{1855F70D-812B-4787-8DEB-5E6FDCD060FD}.Ad-Hoc|iPhoneSimulator.ActiveCfg = Ad-Hoc|iPhoneSimulator
		{1855F70D-812B-4787-8DEB-5E6FDCD060FD}.Ad-Hoc|iPhoneSimulator.Build.0 = Ad-Hoc|iPhoneSimulator
		{1855F70D-812B-4787-8DEB-5E6FDCD060FD}.Ad-Hoc|iPhoneSimulator.Deploy.0 = Ad-Hoc|iPhoneSimulator
		{1855F70D-812B-4787-8DEB-5E6FDCD060FD}.AppStore|Any CPU.ActiveCfg = AppStore|iPhone
		{1855F70D-812B-4787-8DEB-5E6FDCD060FD}.AppStore|Any CPU.Build.0 = AppStore|iPhone
		{1855F70D-812B-4787-8DEB-5E6FDCD060FD}.AppStore|Any CPU.Deploy.0 = AppStore|iPhone
		{1855F70D-812B-4787-8DEB-5E6FDCD060FD}.AppStore|iPhone.ActiveCfg = AppStore|iPhone
		{1855F70D-812B-4787-8DEB-5E6FDCD060FD}.AppStore|iPhone.Build.0 = AppStore|iPhone
		{1855F70D-812B-4787-8DEB-5E6FDCD060FD}.AppStore|iPhone.Deploy.0 = AppStore|iPhone
		{1855F70D-812B-4787-8DEB-5E6FDCD060FD}.AppStore|iPhoneSimulator.ActiveCfg = AppStore|iPhoneSimulator
		{1855F70D-812B-4787-8DEB-5E6FDCD060FD}.AppStore|iPhoneSimulator.Build.0 = AppStore|iPhoneSimulator
		{1855F70D-812B-4787-8DEB-5E6FDCD060FD}.AppStore|iPhoneSimulator.Deploy.0 = AppStore|iPhoneSimulator
		{1855F70D-812B-4787-8DEB-5E6FDCD060FD}.Debug|Any CPU.ActiveCfg = Debug|iPhoneSimulator
		{1855F70D-812B-4787-8DEB-5E6FDCD060FD}.Debug|Any CPU.Build.0 = Debug|iPhoneSimulator
		{1855F70D-812B-4787-8DEB-5E6FDCD060FD}.Debug|Any CPU.Deploy.0 = Debug|iPhoneSimulator
		{1855F70D-812B-4787-8DEB-5E6FDCD060FD}.Debug|iPhone.ActiveCfg = Debug|iPhone
		{1855F70D-812B-4787-8DEB-5E6FDCD060FD}.Debug|iPhone.Build.0 = Debug|iPhone
		{1855F70D-812B-4787-8DEB-5E6FDCD060FD}.Debug|iPhone.Deploy.0 = Debug|iPhone
		{1855F70D-812B-4787-8DEB-5E6FDCD060FD}.Debug|iPhoneSimulator.ActiveCfg = Debug|iPhoneSimulator
		{1855F70D-812B-4787-8DEB-5E6FDCD060FD}.Debug|iPhoneSimulator.Build.0 = Debug|iPhoneSimulator
		{1855F70D-812B-4787-8DEB-5E6FDCD060FD}.Debug|iPhoneSimulator.Deploy.0 = Debug|iPhoneSimulator
		{1855F70D-812B-4787-8DEB-5E6FDCD060FD}.Release|Any CPU.ActiveCfg = Release|iPhone
		{1855F70D-812B-4787-8DEB-5E6FDCD060FD}.Release|Any CPU.Build.0 = Release|iPhone
		{1855F70D-812B-4787-8DEB-5E6FDCD060FD}.Release|Any CPU.Deploy.0 = Release|iPhone
		{1855F70D-812B-4787-8DEB-5E6FDCD060FD}.Release|iPhone.ActiveCfg = Release|iPhone
		{1855F70D-812B-4787-8DEB-5E6FDCD060FD}.Release|iPhone.Build.0 = Release|iPhone
		{1855F70D-812B-4787-8DEB-5E6FDCD060FD}.Release|iPhone.Deploy.0 = Release|iPhone
		{1855F70D-812B-4787-8DEB-5E6FDCD060FD}.Release|iPhoneSimulator.ActiveCfg = Release|iPhoneSimulator
		{1855F70D-812B-4787-8DEB-5E6FDCD060FD}.Release|iPhoneSimulator.Build.0 = Release|iPhoneSimulator
		{1855F70D-812B-4787-8DEB-5E6FDCD060FD}.Release|iPhoneSimulator.Deploy.0 = Release|iPhoneSimulator
		{08DF38C7-0092-43E2-A3E4-2BD162CEAE85}.Ad-Hoc|Any CPU.ActiveCfg = Debug|Any CPU
		{08DF38C7-0092-43E2-A3E4-2BD162CEAE85}.Ad-Hoc|Any CPU.Build.0 = Debug|Any CPU
		{08DF38C7-0092-43E2-A3E4-2BD162CEAE85}.Ad-Hoc|Any CPU.Deploy.0 = Debug|Any CPU
		{08DF38C7-0092-43E2-A3E4-2BD162CEAE85}.Ad-Hoc|iPhone.ActiveCfg = Debug|Any CPU
		{08DF38C7-0092-43E2-A3E4-2BD162CEAE85}.Ad-Hoc|iPhone.Build.0 = Debug|Any CPU
		{08DF38C7-0092-43E2-A3E4-2BD162CEAE85}.Ad-Hoc|iPhone.Deploy.0 = Debug|Any CPU
		{08DF38C7-0092-43E2-A3E4-2BD162CEAE85}.Ad-Hoc|iPhoneSimulator.ActiveCfg = Debug|Any CPU
		{08DF38C7-0092-43E2-A3E4-2BD162CEAE85}.Ad-Hoc|iPhoneSimulator.Build.0 = Debug|Any CPU
		{08DF38C7-0092-43E2-A3E4-2BD162CEAE85}.Ad-Hoc|iPhoneSimulator.Deploy.0 = Debug|Any CPU
		{08DF38C7-0092-43E2-A3E4-2BD162CEAE85}.AppStore|Any CPU.ActiveCfg = Debug|Any CPU
		{08DF38C7-0092-43E2-A3E4-2BD162CEAE85}.AppStore|Any CPU.Build.0 = Debug|Any CPU
		{08DF38C7-0092-43E2-A3E4-2BD162CEAE85}.AppStore|Any CPU.Deploy.0 = Debug|Any CPU
		{08DF38C7-0092-43E2-A3E4-2BD162CEAE85}.AppStore|iPhone.ActiveCfg = Debug|Any CPU
		{08DF38C7-0092-43E2-A3E4-2BD162CEAE85}.AppStore|iPhone.Build.0 = Debug|Any CPU
		{08DF38C7-0092-43E2-A3E4-2BD162CEAE85}.AppStore|iPhone.Deploy.0 = Debug|Any CPU
		{08DF38C7-0092-43E2-A3E4-2BD162CEAE85}.AppStore|iPhoneSimulator.ActiveCfg = Debug|Any CPU
		{08DF38C7-0092-43E2-A3E4-2BD162CEAE85}.AppStore|iPhoneSimulator.Build.0 = Debug|Any CPU
		{08DF38C7-0092-43E2-A3E4-2BD162CEAE85}.AppStore|iPhoneSimulator.Deploy.0 = Debug|Any CPU
		{08DF38C7-0092-43E2-A3E4-2BD162CEAE85}.Debug|Any CPU.ActiveCfg = Debug|Any CPU
		{08DF38C7-0092-43E2-A3E4-2BD162CEAE85}.Debug|Any CPU.Build.0 = Debug|Any CPU
		{08DF38C7-0092-43E2-A3E4-2BD162CEAE85}.Debug|Any CPU.Deploy.0 = Debug|Any CPU
		{08DF38C7-0092-43E2-A3E4-2BD162CEAE85}.Debug|iPhone.ActiveCfg = Debug|Any CPU
		{08DF38C7-0092-43E2-A3E4-2BD162CEAE85}.Debug|iPhone.Build.0 = Debug|Any CPU
		{08DF38C7-0092-43E2-A3E4-2BD162CEAE85}.Debug|iPhone.Deploy.0 = Debug|Any CPU
		{08DF38C7-0092-43E2-A3E4-2BD162CEAE85}.Debug|iPhoneSimulator.ActiveCfg = Debug|Any CPU
		{08DF38C7-0092-43E2-A3E4-2BD162CEAE85}.Debug|iPhoneSimulator.Build.0 = Debug|Any CPU
		{08DF38C7-0092-43E2-A3E4-2BD162CEAE85}.Debug|iPhoneSimulator.Deploy.0 = Debug|Any CPU
		{08DF38C7-0092-43E2-A3E4-2BD162CEAE85}.Release|Any CPU.ActiveCfg = Release|Any CPU
		{08DF38C7-0092-43E2-A3E4-2BD162CEAE85}.Release|Any CPU.Build.0 = Release|Any CPU
		{08DF38C7-0092-43E2-A3E4-2BD162CEAE85}.Release|Any CPU.Deploy.0 = Release|Any CPU
		{08DF38C7-0092-43E2-A3E4-2BD162CEAE85}.Release|iPhone.ActiveCfg = Release|Any CPU
		{08DF38C7-0092-43E2-A3E4-2BD162CEAE85}.Release|iPhone.Build.0 = Release|Any CPU
		{08DF38C7-0092-43E2-A3E4-2BD162CEAE85}.Release|iPhone.Deploy.0 = Release|Any CPU
		{08DF38C7-0092-43E2-A3E4-2BD162CEAE85}.Release|iPhoneSimulator.ActiveCfg = Release|Any CPU
		{08DF38C7-0092-43E2-A3E4-2BD162CEAE85}.Release|iPhoneSimulator.Build.0 = Release|Any CPU
		{08DF38C7-0092-43E2-A3E4-2BD162CEAE85}.Release|iPhoneSimulator.Deploy.0 = Release|Any CPU
	EndGlobalSection
	GlobalSection(SolutionProperties) = preSolution
		HideSolutionNode = FALSE
	EndGlobalSection
	GlobalSection(ExtensibilityGlobals) = postSolution
		SolutionGuid = {D6B463DF-AD69-4842-9990-7E3D6274CB3F}
	EndGlobalSection
EndGlobal
